
Microsoft Visual Studio Solution File, Format Version 12.00
# Visual Studio 15
VisualStudioVersion = 15.0.27004.2010
MinimumVisualStudioVersion = 10.0.40219.1
Project("{FAE04EC0-301F-11D3-BF4B-00C04F79EFBC}") = "XFLabsPCL.Android", "XFLabsPCL\XFLabsPCL.Android\XFLabsPCL.Android.csproj", "{0701B715-264C-4378-9477-2A370CFBF986}"
EndProject
Project("{FAE04EC0-301F-11D3-BF4B-00C04F79EFBC}") = "XFLabsPCL", "XFLabsPCL\XFLabsPCL\XFLabsPCL.csproj", "{7C394715-403C-42AA-9CF5-6BED4734166D}"
EndProject
Project("{FAE04EC0-301F-11D3-BF4B-00C04F79EFBC}") = "XFLabsPCL.UWP", "XFLabsPCL\XFLabsPCL.UWP\XFLabsPCL.UWP.csproj", "{9B37298D-8AC8-4969-A105-9075A962D8DB}"
EndProject
Project("{FAE04EC0-301F-11D3-BF4B-00C04F79EFBC}") = "XFLabsPCL.iOS", "XFLabsPCL\XFLabsPCL.iOS\XFLabsPCL.iOS.csproj", "{CEFE0ECA-BF77-424A-939A-713A7D4FFD2C}"
EndProject
Global
	GlobalSection(SolutionConfigurationPlatforms) = preSolution
		Ad-Hoc|Any CPU = Ad-Hoc|Any CPU
		Ad-Hoc|ARM = Ad-Hoc|ARM
		Ad-Hoc|iPhone = Ad-Hoc|iPhone
		Ad-Hoc|iPhoneSimulator = Ad-Hoc|iPhoneSimulator
		Ad-Hoc|x64 = Ad-Hoc|x64
		Ad-Hoc|x86 = Ad-Hoc|x86
		AppStore|Any CPU = AppStore|Any CPU
		AppStore|ARM = AppStore|ARM
		AppStore|iPhone = AppStore|iPhone
		AppStore|iPhoneSimulator = AppStore|iPhoneSimulator
		AppStore|x64 = AppStore|x64
		AppStore|x86 = AppStore|x86
		Debug|Any CPU = Debug|Any CPU
		Debug|ARM = Debug|ARM
		Debug|iPhone = Debug|iPhone
		Debug|iPhoneSimulator = Debug|iPhoneSimulator
		Debug|x64 = Debug|x64
		Debug|x86 = Debug|x86
		Release|Any CPU = Release|Any CPU
		Release|ARM = Release|ARM
		Release|iPhone = Release|iPhone
		Release|iPhoneSimulator = Release|iPhoneSimulator
		Release|x64 = Release|x64
		Release|x86 = Release|x86
	EndGlobalSection
	GlobalSection(ProjectConfigurationPlatforms) = postSolution
		{0701B715-264C-4378-9477-2A370CFBF986}.Ad-Hoc|Any CPU.ActiveCfg = Release|Any CPU
		{0701B715-264C-4378-9477-2A370CFBF986}.Ad-Hoc|Any CPU.Build.0 = Release|Any CPU
		{0701B715-264C-4378-9477-2A370CFBF986}.Ad-Hoc|Any CPU.Deploy.0 = Release|Any CPU
		{0701B715-264C-4378-9477-2A370CFBF986}.Ad-Hoc|ARM.ActiveCfg = Release|Any CPU
		{0701B715-264C-4378-9477-2A370CFBF986}.Ad-Hoc|ARM.Build.0 = Release|Any CPU
		{0701B715-264C-4378-9477-2A370CFBF986}.Ad-Hoc|ARM.Deploy.0 = Release|Any CPU
		{0701B715-264C-4378-9477-2A370CFBF986}.Ad-Hoc|iPhone.ActiveCfg = Release|Any CPU
		{0701B715-264C-4378-9477-2A370CFBF986}.Ad-Hoc|iPhone.Build.0 = Release|Any CPU
		{0701B715-264C-4378-9477-2A370CFBF986}.Ad-Hoc|iPhone.Deploy.0 = Release|Any CPU
		{0701B715-264C-4378-9477-2A370CFBF986}.Ad-Hoc|iPhoneSimulator.ActiveCfg = Release|Any CPU
		{0701B715-264C-4378-9477-2A370CFBF986}.Ad-Hoc|iPhoneSimulator.Build.0 = Release|Any CPU
		{0701B715-264C-4378-9477-2A370CFBF986}.Ad-Hoc|iPhoneSimulator.Deploy.0 = Release|Any CPU
		{0701B715-264C-4378-9477-2A370CFBF986}.Ad-Hoc|x64.ActiveCfg = Release|Any CPU
		{0701B715-264C-4378-9477-2A370CFBF986}.Ad-Hoc|x64.Build.0 = Release|Any CPU
		{0701B715-264C-4378-9477-2A370CFBF986}.Ad-Hoc|x64.Deploy.0 = Release|Any CPU
		{0701B715-264C-4378-9477-2A370CFBF986}.Ad-Hoc|x86.ActiveCfg = Release|Any CPU
		{0701B715-264C-4378-9477-2A370CFBF986}.Ad-Hoc|x86.Build.0 = Release|Any CPU
		{0701B715-264C-4378-9477-2A370CFBF986}.Ad-Hoc|x86.Deploy.0 = Release|Any CPU
		{0701B715-264C-4378-9477-2A370CFBF986}.AppStore|Any CPU.ActiveCfg = Release|Any CPU
		{0701B715-264C-4378-9477-2A370CFBF986}.AppStore|Any CPU.Build.0 = Release|Any CPU
		{0701B715-264C-4378-9477-2A370CFBF986}.AppStore|Any CPU.Deploy.0 = Release|Any CPU
		{0701B715-264C-4378-9477-2A370CFBF986}.AppStore|ARM.ActiveCfg = Release|Any CPU
		{0701B715-264C-4378-9477-2A370CFBF986}.AppStore|ARM.Build.0 = Release|Any CPU
		{0701B715-264C-4378-9477-2A370CFBF986}.AppStore|ARM.Deploy.0 = Release|Any CPU
		{0701B715-264C-4378-9477-2A370CFBF986}.AppStore|iPhone.ActiveCfg = Release|Any CPU
		{0701B715-264C-4378-9477-2A370CFBF986}.AppStore|iPhone.Build.0 = Release|Any CPU
		{0701B715-264C-4378-9477-2A370CFBF986}.AppStore|iPhone.Deploy.0 = Release|Any CPU
		{0701B715-264C-4378-9477-2A370CFBF986}.AppStore|iPhoneSimulator.ActiveCfg = Release|Any CPU
		{0701B715-264C-4378-9477-2A370CFBF986}.AppStore|iPhoneSimulator.Build.0 = Release|Any CPU
		{0701B715-264C-4378-9477-2A370CFBF986}.AppStore|iPhoneSimulator.Deploy.0 = Release|Any CPU
		{0701B715-264C-4378-9477-2A370CFBF986}.AppStore|x64.ActiveCfg = Release|Any CPU
		{0701B715-264C-4378-9477-2A370CFBF986}.AppStore|x64.Build.0 = Release|Any CPU
		{0701B715-264C-4378-9477-2A370CFBF986}.AppStore|x64.Deploy.0 = Release|Any CPU
		{0701B715-264C-4378-9477-2A370CFBF986}.AppStore|x86.ActiveCfg = Release|Any CPU
		{0701B715-264C-4378-9477-2A370CFBF986}.AppStore|x86.Build.0 = Release|Any CPU
		{0701B715-264C-4378-9477-2A370CFBF986}.AppStore|x86.Deploy.0 = Release|Any CPU
		{0701B715-264C-4378-9477-2A370CFBF986}.Debug|Any CPU.ActiveCfg = Debug|Any CPU
		{0701B715-264C-4378-9477-2A370CFBF986}.Debug|Any CPU.Build.0 = Debug|Any CPU
		{0701B715-264C-4378-9477-2A370CFBF986}.Debug|Any CPU.Deploy.0 = Debug|Any CPU
		{0701B715-264C-4378-9477-2A370CFBF986}.Debug|ARM.ActiveCfg = Debug|Any CPU
		{0701B715-264C-4378-9477-2A370CFBF986}.Debug|ARM.Build.0 = Debug|Any CPU
		{0701B715-264C-4378-9477-2A370CFBF986}.Debug|ARM.Deploy.0 = Debug|Any CPU
		{0701B715-264C-4378-9477-2A370CFBF986}.Debug|iPhone.ActiveCfg = Debug|Any CPU
		{0701B715-264C-4378-9477-2A370CFBF986}.Debug|iPhone.Build.0 = Debug|Any CPU
		{0701B715-264C-4378-9477-2A370CFBF986}.Debug|iPhone.Deploy.0 = Debug|Any CPU
		{0701B715-264C-4378-9477-2A370CFBF986}.Debug|iPhoneSimulator.ActiveCfg = Debug|Any CPU
		{0701B715-264C-4378-9477-2A370CFBF986}.Debug|iPhoneSimulator.Build.0 = Debug|Any CPU
		{0701B715-264C-4378-9477-2A370CFBF986}.Debug|iPhoneSimulator.Deploy.0 = Debug|Any CPU
		{0701B715-264C-4378-9477-2A370CFBF986}.Debug|x64.ActiveCfg = Debug|Any CPU
		{0701B715-264C-4378-9477-2A370CFBF986}.Debug|x64.Build.0 = Debug|Any CPU
		{0701B715-264C-4378-9477-2A370CFBF986}.Debug|x64.Deploy.0 = Debug|Any CPU
		{0701B715-264C-4378-9477-2A370CFBF986}.Debug|x86.ActiveCfg = Debug|Any CPU
		{0701B715-264C-4378-9477-2A370CFBF986}.Debug|x86.Build.0 = Debug|Any CPU
		{0701B715-264C-4378-9477-2A370CFBF986}.Debug|x86.Deploy.0 = Debug|Any CPU
		{0701B715-264C-4378-9477-2A370CFBF986}.Release|Any CPU.ActiveCfg = Release|Any CPU
		{0701B715-264C-4378-9477-2A370CFBF986}.Release|Any CPU.Build.0 = Release|Any CPU
		{0701B715-264C-4378-9477-2A370CFBF986}.Release|Any CPU.Deploy.0 = Release|Any CPU
		{0701B715-264C-4378-9477-2A370CFBF986}.Release|ARM.ActiveCfg = Release|Any CPU
		{0701B715-264C-4378-9477-2A370CFBF986}.Release|ARM.Build.0 = Release|Any CPU
		{0701B715-264C-4378-9477-2A370CFBF986}.Release|ARM.Deploy.0 = Release|Any CPU
		{0701B715-264C-4378-9477-2A370CFBF986}.Release|iPhone.ActiveCfg = Release|Any CPU
		{0701B715-264C-4378-9477-2A370CFBF986}.Release|iPhone.Build.0 = Release|Any CPU
		{0701B715-264C-4378-9477-2A370CFBF986}.Release|iPhone.Deploy.0 = Release|Any CPU
		{0701B715-264C-4378-9477-2A370CFBF986}.Release|iPhoneSimulator.ActiveCfg = Release|Any CPU
		{0701B715-264C-4378-9477-2A370CFBF986}.Release|iPhoneSimulator.Build.0 = Release|Any CPU
		{0701B715-264C-4378-9477-2A370CFBF986}.Release|iPhoneSimulator.Deploy.0 = Release|Any CPU
		{0701B715-264C-4378-9477-2A370CFBF986}.Release|x64.ActiveCfg = Release|Any CPU
		{0701B715-264C-4378-9477-2A370CFBF986}.Release|x64.Build.0 = Release|Any CPU
		{0701B715-264C-4378-9477-2A370CFBF986}.Release|x64.Deploy.0 = Release|Any CPU
		{0701B715-264C-4378-9477-2A370CFBF986}.Release|x86.ActiveCfg = Release|Any CPU
		{0701B715-264C-4378-9477-2A370CFBF986}.Release|x86.Build.0 = Release|Any CPU
		{0701B715-264C-4378-9477-2A370CFBF986}.Release|x86.Deploy.0 = Release|Any CPU
		{7C394715-403C-42AA-9CF5-6BED4734166D}.Ad-Hoc|Any CPU.ActiveCfg = Release|Any CPU
		{7C394715-403C-42AA-9CF5-6BED4734166D}.Ad-Hoc|Any CPU.Build.0 = Release|Any CPU
		{7C394715-403C-42AA-9CF5-6BED4734166D}.Ad-Hoc|ARM.ActiveCfg = Release|Any CPU
		{7C394715-403C-42AA-9CF5-6BED4734166D}.Ad-Hoc|ARM.Build.0 = Release|Any CPU
		{7C394715-403C-42AA-9CF5-6BED4734166D}.Ad-Hoc|iPhone.ActiveCfg = Release|Any CPU
		{7C394715-403C-42AA-9CF5-6BED4734166D}.Ad-Hoc|iPhone.Build.0 = Release|Any CPU
		{7C394715-403C-42AA-9CF5-6BED4734166D}.Ad-Hoc|iPhoneSimulator.ActiveCfg = Release|Any CPU
		{7C394715-403C-42AA-9CF5-6BED4734166D}.Ad-Hoc|iPhoneSimulator.Build.0 = Release|Any CPU
		{7C394715-403C-42AA-9CF5-6BED4734166D}.Ad-Hoc|x64.ActiveCfg = Release|Any CPU
		{7C394715-403C-42AA-9CF5-6BED4734166D}.Ad-Hoc|x64.Build.0 = Release|Any CPU
		{7C394715-403C-42AA-9CF5-6BED4734166D}.Ad-Hoc|x86.ActiveCfg = Release|Any CPU
		{7C394715-403C-42AA-9CF5-6BED4734166D}.Ad-Hoc|x86.Build.0 = Release|Any CPU
		{7C394715-403C-42AA-9CF5-6BED4734166D}.AppStore|Any CPU.ActiveCfg = Release|Any CPU
		{7C394715-403C-42AA-9CF5-6BED4734166D}.AppStore|Any CPU.Build.0 = Release|Any CPU
		{7C394715-403C-42AA-9CF5-6BED4734166D}.AppStore|ARM.ActiveCfg = Release|Any CPU
		{7C394715-403C-42AA-9CF5-6BED4734166D}.AppStore|ARM.Build.0 = Release|Any CPU
		{7C394715-403C-42AA-9CF5-6BED4734166D}.AppStore|iPhone.ActiveCfg = Release|Any CPU
		{7C394715-403C-42AA-9CF5-6BED4734166D}.AppStore|iPhone.Build.0 = Release|Any CPU
		{7C394715-403C-42AA-9CF5-6BED4734166D}.AppStore|iPhoneSimulator.ActiveCfg = Release|Any CPU
		{7C394715-403C-42AA-9CF5-6BED4734166D}.AppStore|iPhoneSimulator.Build.0 = Release|Any CPU
		{7C394715-403C-42AA-9CF5-6BED4734166D}.AppStore|x64.ActiveCfg = Release|Any CPU
		{7C394715-403C-42AA-9CF5-6BED4734166D}.AppStore|x64.Build.0 = Release|Any CPU
		{7C394715-403C-42AA-9CF5-6BED4734166D}.AppStore|x86.ActiveCfg = Release|Any CPU
		{7C394715-403C-42AA-9CF5-6BED4734166D}.AppStore|x86.Build.0 = Release|Any CPU
		{7C394715-403C-42AA-9CF5-6BED4734166D}.Debug|Any CPU.ActiveCfg = Debug|Any CPU
		{7C394715-403C-42AA-9CF5-6BED4734166D}.Debug|Any CPU.Build.0 = Debug|Any CPU
		{7C394715-403C-42AA-9CF5-6BED4734166D}.Debug|ARM.ActiveCfg = Debug|Any CPU
		{7C394715-403C-42AA-9CF5-6BED4734166D}.Debug|ARM.Build.0 = Debug|Any CPU
		{7C394715-403C-42AA-9CF5-6BED4734166D}.Debug|iPhone.ActiveCfg = Debug|Any CPU
		{7C394715-403C-42AA-9CF5-6BED4734166D}.Debug|iPhone.Build.0 = Debug|Any CPU
		{7C394715-403C-42AA-9CF5-6BED4734166D}.Debug|iPhoneSimulator.ActiveCfg = Debug|Any CPU
		{7C394715-403C-42AA-9CF5-6BED4734166D}.Debug|iPhoneSimulator.Build.0 = Debug|Any CPU
		{7C394715-403C-42AA-9CF5-6BED4734166D}.Debug|x64.ActiveCfg = Debug|Any CPU
		{7C394715-403C-42AA-9CF5-6BED4734166D}.Debug|x64.Build.0 = Debug|Any CPU
		{7C394715-403C-42AA-9CF5-6BED4734166D}.Debug|x86.ActiveCfg = Debug|Any CPU
		{7C394715-403C-42AA-9CF5-6BED4734166D}.Debug|x86.Build.0 = Debug|Any CPU
		{7C394715-403C-42AA-9CF5-6BED4734166D}.Release|Any CPU.ActiveCfg = Release|Any CPU
		{7C394715-403C-42AA-9CF5-6BED4734166D}.Release|Any CPU.Build.0 = Release|Any CPU
		{7C394715-403C-42AA-9CF5-6BED4734166D}.Release|ARM.ActiveCfg = Release|Any CPU
		{7C394715-403C-42AA-9CF5-6BED4734166D}.Release|ARM.Build.0 = Release|Any CPU
		{7C394715-403C-42AA-9CF5-6BED4734166D}.Release|iPhone.ActiveCfg = Release|Any CPU
		{7C394715-403C-42AA-9CF5-6BED4734166D}.Release|iPhone.Build.0 = Release|Any CPU
		{7C394715-403C-42AA-9CF5-6BED4734166D}.Release|iPhoneSimulator.ActiveCfg = Release|Any CPU
		{7C394715-403C-42AA-9CF5-6BED4734166D}.Release|iPhoneSimulator.Build.0 = Release|Any CPU
		{7C394715-403C-42AA-9CF5-6BED4734166D}.Release|x64.ActiveCfg = Release|Any CPU
		{7C394715-403C-42AA-9CF5-6BED4734166D}.Release|x64.Build.0 = Release|Any CPU
		{7C394715-403C-42AA-9CF5-6BED4734166D}.Release|x86.ActiveCfg = Release|Any CPU
		{7C394715-403C-42AA-9CF5-6BED4734166D}.Release|x86.Build.0 = Release|Any CPU
		{9B37298D-8AC8-4969-A105-9075A962D8DB}.Ad-Hoc|Any CPU.ActiveCfg = Release|x86
		{9B37298D-8AC8-4969-A105-9075A962D8DB}.Ad-Hoc|Any CPU.Build.0 = Release|x86
		{9B37298D-8AC8-4969-A105-9075A962D8DB}.Ad-Hoc|Any CPU.Deploy.0 = Release|x86
		{9B37298D-8AC8-4969-A105-9075A962D8DB}.Ad-Hoc|ARM.ActiveCfg = Release|ARM
		{9B37298D-8AC8-4969-A105-9075A962D8DB}.Ad-Hoc|ARM.Build.0 = Release|ARM
		{9B37298D-8AC8-4969-A105-9075A962D8DB}.Ad-Hoc|ARM.Deploy.0 = Release|ARM
		{9B37298D-8AC8-4969-A105-9075A962D8DB}.Ad-Hoc|iPhone.ActiveCfg = Release|x86
		{9B37298D-8AC8-4969-A105-9075A962D8DB}.Ad-Hoc|iPhone.Build.0 = Release|x86
		{9B37298D-8AC8-4969-A105-9075A962D8DB}.Ad-Hoc|iPhone.Deploy.0 = Release|x86
		{9B37298D-8AC8-4969-A105-9075A962D8DB}.Ad-Hoc|iPhoneSimulator.ActiveCfg = Release|x86
		{9B37298D-8AC8-4969-A105-9075A962D8DB}.Ad-Hoc|iPhoneSimulator.Build.0 = Release|x86
		{9B37298D-8AC8-4969-A105-9075A962D8DB}.Ad-Hoc|iPhoneSimulator.Deploy.0 = Release|x86
		{9B37298D-8AC8-4969-A105-9075A962D8DB}.Ad-Hoc|x64.ActiveCfg = Release|x64
		{9B37298D-8AC8-4969-A105-9075A962D8DB}.Ad-Hoc|x64.Build.0 = Release|x64
		{9B37298D-8AC8-4969-A105-9075A962D8DB}.Ad-Hoc|x64.Deploy.0 = Release|x64
		{9B37298D-8AC8-4969-A105-9075A962D8DB}.Ad-Hoc|x86.ActiveCfg = Release|x86
		{9B37298D-8AC8-4969-A105-9075A962D8DB}.Ad-Hoc|x86.Build.0 = Release|x86
		{9B37298D-8AC8-4969-A105-9075A962D8DB}.Ad-Hoc|x86.Deploy.0 = Release|x86
		{9B37298D-8AC8-4969-A105-9075A962D8DB}.AppStore|Any CPU.ActiveCfg = Release|x86
		{9B37298D-8AC8-4969-A105-9075A962D8DB}.AppStore|Any CPU.Build.0 = Release|x86
		{9B37298D-8AC8-4969-A105-9075A962D8DB}.AppStore|Any CPU.Deploy.0 = Release|x86
		{9B37298D-8AC8-4969-A105-9075A962D8DB}.AppStore|ARM.ActiveCfg = Release|ARM
		{9B37298D-8AC8-4969-A105-9075A962D8DB}.AppStore|ARM.Build.0 = Release|ARM
		{9B37298D-8AC8-4969-A105-9075A962D8DB}.AppStore|ARM.Deploy.0 = Release|ARM
		{9B37298D-8AC8-4969-A105-9075A962D8DB}.AppStore|iPhone.ActiveCfg = Release|x86
		{9B37298D-8AC8-4969-A105-9075A962D8DB}.AppStore|iPhone.Build.0 = Release|x86
		{9B37298D-8AC8-4969-A105-9075A962D8DB}.AppStore|iPhone.Deploy.0 = Release|x86
		{9B37298D-8AC8-4969-A105-9075A962D8DB}.AppStore|iPhoneSimulator.ActiveCfg = Release|x86
		{9B37298D-8AC8-4969-A105-9075A962D8DB}.AppStore|iPhoneSimulator.Build.0 = Release|x86
		{9B37298D-8AC8-4969-A105-9075A962D8DB}.AppStore|iPhoneSimulator.Deploy.0 = Release|x86
		{9B37298D-8AC8-4969-A105-9075A962D8DB}.AppStore|x64.ActiveCfg = Release|x64
		{9B37298D-8AC8-4969-A105-9075A962D8DB}.AppStore|x64.Build.0 = Release|x64
		{9B37298D-8AC8-4969-A105-9075A962D8DB}.AppStore|x64.Deploy.0 = Release|x64
		{9B37298D-8AC8-4969-A105-9075A962D8DB}.AppStore|x86.ActiveCfg = Release|x86
		{9B37298D-8AC8-4969-A105-9075A962D8DB}.AppStore|x86.Build.0 = Release|x86
		{9B37298D-8AC8-4969-A105-9075A962D8DB}.AppStore|x86.Deploy.0 = Release|x86
		{9B37298D-8AC8-4969-A105-9075A962D8DB}.Debug|Any CPU.ActiveCfg = Debug|x86
		{9B37298D-8AC8-4969-A105-9075A962D8DB}.Debug|ARM.ActiveCfg = Debug|ARM
		{9B37298D-8AC8-4969-A105-9075A962D8DB}.Debug|ARM.Build.0 = Debug|ARM
		{9B37298D-8AC8-4969-A105-9075A962D8DB}.Debug|ARM.Deploy.0 = Debug|ARM
		{9B37298D-8AC8-4969-A105-9075A962D8DB}.Debug|iPhone.ActiveCfg = Debug|x86
		{9B37298D-8AC8-4969-A105-9075A962D8DB}.Debug|iPhoneSimulator.ActiveCfg = Debug|x86
		{9B37298D-8AC8-4969-A105-9075A962D8DB}.Debug|x64.ActiveCfg = Debug|x64
		{9B37298D-8AC8-4969-A105-9075A962D8DB}.Debug|x64.Build.0 = Debug|x64
		{9B37298D-8AC8-4969-A105-9075A962D8DB}.Debug|x64.Deploy.0 = Debug|x64
		{9B37298D-8AC8-4969-A105-9075A962D8DB}.Debug|x86.ActiveCfg = Debug|x86
		{9B37298D-8AC8-4969-A105-9075A962D8DB}.Debug|x86.Build.0 = Debug|x86
		{9B37298D-8AC8-4969-A105-9075A962D8DB}.Debug|x86.Deploy.0 = Debug|x86
		{9B37298D-8AC8-4969-A105-9075A962D8DB}.Release|Any CPU.ActiveCfg = Release|x86
		{9B37298D-8AC8-4969-A105-9075A962D8DB}.Release|ARM.ActiveCfg = Release|ARM
		{9B37298D-8AC8-4969-A105-9075A962D8DB}.Release|ARM.Build.0 = Release|ARM
		{9B37298D-8AC8-4969-A105-9075A962D8DB}.Release|ARM.Deploy.0 = Release|ARM
		{9B37298D-8AC8-4969-A105-9075A962D8DB}.Release|iPhone.ActiveCfg = Release|x86
		{9B37298D-8AC8-4969-A105-9075A962D8DB}.Release|iPhoneSimulator.ActiveCfg = Release|x86
		{9B37298D-8AC8-4969-A105-9075A962D8DB}.Release|x64.ActiveCfg = Release|x64
		{9B37298D-8AC8-4969-A105-9075A962D8DB}.Release|x64.Build.0 = Release|x64
		{9B37298D-8AC8-4969-A105-9075A962D8DB}.Release|x64.Deploy.0 = Release|x64
		{9B37298D-8AC8-4969-A105-9075A962D8DB}.Release|x86.ActiveCfg = Release|x86
		{9B37298D-8AC8-4969-A105-9075A962D8DB}.Release|x86.Build.0 = Release|x86
		{9B37298D-8AC8-4969-A105-9075A962D8DB}.Release|x86.Deploy.0 = Release|x86
		{CEFE0ECA-BF77-424A-939A-713A7D4FFD2C}.Ad-Hoc|Any CPU.ActiveCfg = Ad-Hoc|iPhoneSimulator
		{CEFE0ECA-BF77-424A-939A-713A7D4FFD2C}.Ad-Hoc|ARM.ActiveCfg = Ad-Hoc|iPhone
		{CEFE0ECA-BF77-424A-939A-713A7D4FFD2C}.Ad-Hoc|iPhone.ActiveCfg = Ad-Hoc|iPhone
		{CEFE0ECA-BF77-424A-939A-713A7D4FFD2C}.Ad-Hoc|iPhone.Build.0 = Ad-Hoc|iPhone
		{CEFE0ECA-BF77-424A-939A-713A7D4FFD2C}.Ad-Hoc|iPhoneSimulator.ActiveCfg = Ad-Hoc|iPhoneSimulator
		{CEFE0ECA-BF77-424A-939A-713A7D4FFD2C}.Ad-Hoc|iPhoneSimulator.Build.0 = Ad-Hoc|iPhoneSimulator
		{CEFE0ECA-BF77-424A-939A-713A7D4FFD2C}.Ad-Hoc|x64.ActiveCfg = Ad-Hoc|iPhone
		{CEFE0ECA-BF77-424A-939A-713A7D4FFD2C}.Ad-Hoc|x86.ActiveCfg = Ad-Hoc|iPhone
		{CEFE0ECA-BF77-424A-939A-713A7D4FFD2C}.AppStore|Any CPU.ActiveCfg = AppStore|iPhoneSimulator
		{CEFE0ECA-BF77-424A-939A-713A7D4FFD2C}.AppStore|ARM.ActiveCfg = AppStore|iPhone
		{CEFE0ECA-BF77-424A-939A-713A7D4FFD2C}.AppStore|iPhone.ActiveCfg = AppStore|iPhone
		{CEFE0ECA-BF77-424A-939A-713A7D4FFD2C}.AppStore|iPhone.Build.0 = AppStore|iPhone
		{CEFE0ECA-BF77-424A-939A-713A7D4FFD2C}.AppStore|iPhoneSimulator.ActiveCfg = AppStore|iPhoneSimulator
		{CEFE0ECA-BF77-424A-939A-713A7D4FFD2C}.AppStore|iPhoneSimulator.Build.0 = AppStore|iPhoneSimulator
		{CEFE0ECA-BF77-424A-939A-713A7D4FFD2C}.AppStore|x64.ActiveCfg = AppStore|iPhone
		{CEFE0ECA-BF77-424A-939A-713A7D4FFD2C}.AppStore|x86.ActiveCfg = AppStore|iPhone
		{CEFE0ECA-BF77-424A-939A-713A7D4FFD2C}.Debug|Any CPU.ActiveCfg = Debug|iPhoneSimulator
		{CEFE0ECA-BF77-424A-939A-713A7D4FFD2C}.Debug|ARM.ActiveCfg = Debug|iPhone
		{CEFE0ECA-BF77-424A-939A-713A7D4FFD2C}.Debug|iPhone.ActiveCfg = Debug|iPhone
		{CEFE0ECA-BF77-424A-939A-713A7D4FFD2C}.Debug|iPhone.Build.0 = Debug|iPhone
		{CEFE0ECA-BF77-424A-939A-713A7D4FFD2C}.Debug|iPhoneSimulator.ActiveCfg = Debug|iPhoneSimulator
		{CEFE0ECA-BF77-424A-939A-713A7D4FFD2C}.Debug|iPhoneSimulator.Build.0 = Debug|iPhoneSimulator
		{CEFE0ECA-BF77-424A-939A-713A7D4FFD2C}.Debug|x64.ActiveCfg = Debug|iPhone
		{CEFE0ECA-BF77-424A-939A-713A7D4FFD2C}.Debug|x86.ActiveCfg = Debug|iPhone
		{CEFE0ECA-BF77-424A-939A-713A7D4FFD2C}.Release|Any CPU.ActiveCfg = Release|iPhoneSimulator
		{CEFE0ECA-BF77-424A-939A-713A7D4FFD2C}.Release|ARM.ActiveCfg = Release|iPhone
		{CEFE0ECA-BF77-424A-939A-713A7D4FFD2C}.Release|iPhone.ActiveCfg = Release|iPhone
		{CEFE0ECA-BF77-424A-939A-713A7D4FFD2C}.Release|iPhone.Build.0 = Release|iPhone
		{CEFE0ECA-BF77-424A-939A-713A7D4FFD2C}.Release|iPhoneSimulator.ActiveCfg = Release|iPhoneSimulator
		{CEFE0ECA-BF77-424A-939A-713A7D4FFD2C}.Release|iPhoneSimulator.Build.0 = Release|iPhoneSimulator
		{CEFE0ECA-BF77-424A-939A-713A7D4FFD2C}.Release|x64.ActiveCfg = Release|iPhone
		{CEFE0ECA-BF77-424A-939A-713A7D4FFD2C}.Release|x86.ActiveCfg = Release|iPhone
	EndGlobalSection
	GlobalSection(SolutionProperties) = preSolution
		HideSolutionNode = FALSE
	EndGlobalSection
	GlobalSection(ExtensibilityGlobals) = postSolution
		SolutionGuid = {FCAC1D42-5592-4EF3-A867-741B8FBC4C97}
	EndGlobalSection
EndGlobal
